
Microsoft Visual Studio Solution File, Format Version 12.00
# Visual Studio 2013
VisualStudioVersion = 12.0.31101.0
MinimumVisualStudioVersion = 10.0.40219.1
Project("{FAE04EC0-301F-11D3-BF4B-00C04F79EFBC}") = "Student.Model", "Student.Model\Student.Model.csproj", "{F57D5329-6583-46D1-97E0-59676B606748}"
EndProject
Project("{FAE04EC0-301F-11D3-BF4B-00C04F79EFBC}") = "Student.Entity", "Student.Entity\Student.Entity.csproj", "{25530A85-785E-4638-B1BD-8AD1464B1A73}"
EndProject
Project("{FAE04EC0-301F-11D3-BF4B-00C04F79EFBC}") = "Student.Web", "Student.Web\Student.Web.csproj", "{AA05BCE3-E129-45EF-B0AB-A644FB76F188}"
EndProject
Project("{2150E333-8FDC-42A3-9474-1A3956D46DE8}") = "3 - Domain", "3 - Domain", "{E65FCDE4-55EF-4ACB-8959-D209D8D686FB}"
EndProject
Project("{2150E333-8FDC-42A3-9474-1A3956D46DE8}") = "4 - Infra", "4 - Infra", "{1FC2C7F7-B329-42AF-8E3D-480D7F1B18C2}"
EndProject
Project("{2150E333-8FDC-42A3-9474-1A3956D46DE8}") = "0 - Presentation", "0 - Presentation", "{793ADAA1-89EF-43C6-BF50-71EFBE9AFFC5}"
EndProject
Project("{2150E333-8FDC-42A3-9474-1A3956D46DE8}") = "2 - Application", "2 - Application", "{90014951-8697-4A80-831C-7A0D21B627C8}"
EndProject
Project("{2150E333-8FDC-42A3-9474-1A3956D46DE8}") = "1 - Services", "1 - Services", "{751C7092-D7DB-477B-8D5F-0CC0F0CB3019}"
EndProject
Global
	GlobalSection(SolutionConfigurationPlatforms) = preSolution
		Debug|Any CPU = Debug|Any CPU
		Release|Any CPU = Release|Any CPU
	EndGlobalSection
	GlobalSection(ProjectConfigurationPlatforms) = postSolution
		{F57D5329-6583-46D1-97E0-59676B606748}.Debug|Any CPU.ActiveCfg = Debug|Any CPU
		{F57D5329-6583-46D1-97E0-59676B606748}.Debug|Any CPU.Build.0 = Debug|Any CPU
		{F57D5329-6583-46D1-97E0-59676B606748}.Release|Any CPU.ActiveCfg = Release|Any CPU
		{F57D5329-6583-46D1-97E0-59676B606748}.Release|Any CPU.Build.0 = Release|Any CPU
		{25530A85-785E-4638-B1BD-8AD1464B1A73}.Debug|Any CPU.ActiveCfg = Debug|Any CPU
		{25530A85-785E-4638-B1BD-8AD1464B1A73}.Debug|Any CPU.Build.0 = Debug|Any CPU
		{25530A85-785E-4638-B1BD-8AD1464B1A73}.Release|Any CPU.ActiveCfg = Release|Any CPU
		{25530A85-785E-4638-B1BD-8AD1464B1A73}.Release|Any CPU.Build.0 = Release|Any CPU
		{AA05BCE3-E129-45EF-B0AB-A644FB76F188}.Debug|Any CPU.ActiveCfg = Debug|Any CPU
		{AA05BCE3-E129-45EF-B0AB-A644FB76F188}.Debug|Any CPU.Build.0 = Debug|Any CPU
		{AA05BCE3-E129-45EF-B0AB-A644FB76F188}.Release|Any CPU.ActiveCfg = Release|Any CPU
		{AA05BCE3-E129-45EF-B0AB-A644FB76F188}.Release|Any CPU.Build.0 = Release|Any CPU
	EndGlobalSection
	GlobalSection(SolutionProperties) = preSolution
		HideSolutionNode = FALSE
	EndGlobalSection
	GlobalSection(NestedProjects) = preSolution
		{F57D5329-6583-46D1-97E0-59676B606748} = {E65FCDE4-55EF-4ACB-8959-D209D8D686FB}
		{25530A85-785E-4638-B1BD-8AD1464B1A73} = {1FC2C7F7-B329-42AF-8E3D-480D7F1B18C2}
		{AA05BCE3-E129-45EF-B0AB-A644FB76F188} = {793ADAA1-89EF-43C6-BF50-71EFBE9AFFC5}
	EndGlobalSection
EndGlobal
